
Microsoft Visual Studio Solution File, Format Version 12.00
# Visual Studio Version 16
VisualStudioVersion = 16.0.31205.134
MinimumVisualStudioVersion = 10.0.40219.1
Project("{9A19103F-16F7-4668-BE54-9A1E7A4F7556}") = "UnivercityApp", "Univercity\UnivercityApp.csproj", "{0F5FF85B-B267-4966-9A6F-5E8A49BEDCDD}"
EndProject
Project("{9A19103F-16F7-4668-BE54-9A1E7A4F7556}") = "UnivercityApp.domain", "UnivercityApp.Domain\UnivercityApp.domain.csproj", "{A536723A-1F55-4529-ABC5-6AF88DD5C85C}"
EndProject
Project("{FAE04EC0-301F-11D3-BF4B-00C04F79EFBC}") = "UnivercityApp.Data", "UnivercityApp.Data\UnivercityApp.Data.csproj", "{E44C7B17-FBEB-4C6B-AB51-A82C228B6364}"
EndProject
Global
	GlobalSection(SolutionConfigurationPlatforms) = preSolution
		Debug|Any CPU = Debug|Any CPU
		Release|Any CPU = Release|Any CPU
	EndGlobalSection
	GlobalSection(ProjectConfigurationPlatforms) = postSolution
		{0F5FF85B-B267-4966-9A6F-5E8A49BEDCDD}.Debug|Any CPU.ActiveCfg = Debug|Any CPU
		{0F5FF85B-B267-4966-9A6F-5E8A49BEDCDD}.Debug|Any CPU.Build.0 = Debug|Any CPU
		{0F5FF85B-B267-4966-9A6F-5E8A49BEDCDD}.Release|Any CPU.ActiveCfg = Release|Any CPU
		{0F5FF85B-B267-4966-9A6F-5E8A49BEDCDD}.Release|Any CPU.Build.0 = Release|Any CPU
		{A536723A-1F55-4529-ABC5-6AF88DD5C85C}.Debug|Any CPU.ActiveCfg = Debug|Any CPU
		{A536723A-1F55-4529-ABC5-6AF88DD5C85C}.Debug|Any CPU.Build.0 = Debug|Any CPU
		{A536723A-1F55-4529-ABC5-6AF88DD5C85C}.Release|Any CPU.ActiveCfg = Release|Any CPU
		{A536723A-1F55-4529-ABC5-6AF88DD5C85C}.Release|Any CPU.Build.0 = Release|Any CPU
		{E44C7B17-FBEB-4C6B-AB51-A82C228B6364}.Debug|Any CPU.ActiveCfg = Debug|Any CPU
		{E44C7B17-FBEB-4C6B-AB51-A82C228B6364}.Debug|Any CPU.Build.0 = Debug|Any CPU
		{E44C7B17-FBEB-4C6B-AB51-A82C228B6364}.Release|Any CPU.ActiveCfg = Release|Any CPU
		{E44C7B17-FBEB-4C6B-AB51-A82C228B6364}.Release|Any CPU.Build.0 = Release|Any CPU
	EndGlobalSection
	GlobalSection(SolutionProperties) = preSolution
		HideSolutionNode = FALSE
	EndGlobalSection
	GlobalSection(ExtensibilityGlobals) = postSolution
		SolutionGuid = {D5E36CA6-F43A-4497-92E6-276A06D883CB}
	EndGlobalSection
EndGlobal
